
Microsoft Visual Studio Solution File, Format Version 12.00
Project("{FAE04EC0-301F-11D3-BF4B-00C04F79EFBC}") = "Truelsen.PetShopApplication.UI", "Truelsen.PetShopApplication.UI\Truelsen.PetShopApplication.UI.csproj", "{284CA319-B76C-42AD-B077-B0C4458940E6}"
EndProject
Project("{2150E333-8FDC-42A3-9474-1A3956D46DE8}") = "Core", "Core", "{8AED764B-D07C-4E84-913A-8C4E4F06A5B0}"
EndProject
Project("{2150E333-8FDC-42A3-9474-1A3956D46DE8}") = "Infrastructure", "Infrastructure", "{9D742784-B652-4312-8BEA-2F4FF6F42112}"
EndProject
Project("{2150E333-8FDC-42A3-9474-1A3956D46DE8}") = "UI", "UI", "{3A02C657-4CE2-4870-8F47-0D9D5E39E28F}"
EndProject
Project("{FAE04EC0-301F-11D3-BF4B-00C04F79EFBC}") = "Truelsen.PetShopApplication.Infrastructure.FakeDataAccess", "Truelsen.PetShopApplication.Infrastructure.FakeDataAccess\Truelsen.PetShopApplication.Infrastructure.FakeDataAccess.csproj", "{FB6808E1-529D-4682-AA7E-1389A55A5024}"
EndProject
Project("{FAE04EC0-301F-11D3-BF4B-00C04F79EFBC}") = "Truelsen.PetShopApplication.Domain", "Truelsen.PetShopApplication.Domain\Truelsen.PetShopApplication.Domain.csproj", "{BF1FB67A-FAB8-409A-9579-E9B7A4D31FB7}"
EndProject
Project("{FAE04EC0-301F-11D3-BF4B-00C04F79EFBC}") = "Truelsen.PetShopApplication.Core", "Truelsen.PetShopApplication.Core\Truelsen.PetShopApplication.Core.csproj", "{8FA4416E-873A-4B0C-AD78-A6FE2BAD9E80}"
EndProject
Project("{FAE04EC0-301F-11D3-BF4B-00C04F79EFBC}") = "Truelsen.PetShopApplication.PetRestAPI", "Truelsen.PetShopApplication.PetRestAPI\Truelsen.PetShopApplication.PetRestAPI.csproj", "{2ACCADF6-1DA3-4F58-9B73-A47FF250BCAC}"
EndProject
Project("{FAE04EC0-301F-11D3-BF4B-00C04F79EFBC}") = "Truelsen.PetShopApplication.Infrastructure.EFSql", "Truelsen.PetShopApplication.Infrastructure.EFSql\Truelsen.PetShopApplication.Infrastructure.EFSql.csproj", "{41942CFA-4534-44B2-8AA6-C062C2AF73D3}"
EndProject
Global
	GlobalSection(SolutionConfigurationPlatforms) = preSolution
		Debug|Any CPU = Debug|Any CPU
		Release|Any CPU = Release|Any CPU
	EndGlobalSection
	GlobalSection(ProjectConfigurationPlatforms) = postSolution
		{284CA319-B76C-42AD-B077-B0C4458940E6}.Debug|Any CPU.ActiveCfg = Debug|Any CPU
		{284CA319-B76C-42AD-B077-B0C4458940E6}.Debug|Any CPU.Build.0 = Debug|Any CPU
		{284CA319-B76C-42AD-B077-B0C4458940E6}.Release|Any CPU.ActiveCfg = Release|Any CPU
		{284CA319-B76C-42AD-B077-B0C4458940E6}.Release|Any CPU.Build.0 = Release|Any CPU
		{FB6808E1-529D-4682-AA7E-1389A55A5024}.Debug|Any CPU.ActiveCfg = Debug|Any CPU
		{FB6808E1-529D-4682-AA7E-1389A55A5024}.Debug|Any CPU.Build.0 = Debug|Any CPU
		{FB6808E1-529D-4682-AA7E-1389A55A5024}.Release|Any CPU.ActiveCfg = Release|Any CPU
		{FB6808E1-529D-4682-AA7E-1389A55A5024}.Release|Any CPU.Build.0 = Release|Any CPU
		{BF1FB67A-FAB8-409A-9579-E9B7A4D31FB7}.Debug|Any CPU.ActiveCfg = Debug|Any CPU
		{BF1FB67A-FAB8-409A-9579-E9B7A4D31FB7}.Debug|Any CPU.Build.0 = Debug|Any CPU
		{BF1FB67A-FAB8-409A-9579-E9B7A4D31FB7}.Release|Any CPU.ActiveCfg = Release|Any CPU
		{BF1FB67A-FAB8-409A-9579-E9B7A4D31FB7}.Release|Any CPU.Build.0 = Release|Any CPU
		{8FA4416E-873A-4B0C-AD78-A6FE2BAD9E80}.Debug|Any CPU.ActiveCfg = Debug|Any CPU
		{8FA4416E-873A-4B0C-AD78-A6FE2BAD9E80}.Debug|Any CPU.Build.0 = Debug|Any CPU
		{8FA4416E-873A-4B0C-AD78-A6FE2BAD9E80}.Release|Any CPU.ActiveCfg = Release|Any CPU
		{8FA4416E-873A-4B0C-AD78-A6FE2BAD9E80}.Release|Any CPU.Build.0 = Release|Any CPU
		{2ACCADF6-1DA3-4F58-9B73-A47FF250BCAC}.Debug|Any CPU.ActiveCfg = Debug|Any CPU
		{2ACCADF6-1DA3-4F58-9B73-A47FF250BCAC}.Debug|Any CPU.Build.0 = Debug|Any CPU
		{2ACCADF6-1DA3-4F58-9B73-A47FF250BCAC}.Release|Any CPU.ActiveCfg = Release|Any CPU
		{2ACCADF6-1DA3-4F58-9B73-A47FF250BCAC}.Release|Any CPU.Build.0 = Release|Any CPU
		{41942CFA-4534-44B2-8AA6-C062C2AF73D3}.Debug|Any CPU.ActiveCfg = Debug|Any CPU
		{41942CFA-4534-44B2-8AA6-C062C2AF73D3}.Debug|Any CPU.Build.0 = Debug|Any CPU
		{41942CFA-4534-44B2-8AA6-C062C2AF73D3}.Release|Any CPU.ActiveCfg = Release|Any CPU
		{41942CFA-4534-44B2-8AA6-C062C2AF73D3}.Release|Any CPU.Build.0 = Release|Any CPU
	EndGlobalSection
	GlobalSection(NestedProjects) = preSolution
		{284CA319-B76C-42AD-B077-B0C4458940E6} = {3A02C657-4CE2-4870-8F47-0D9D5E39E28F}
		{FB6808E1-529D-4682-AA7E-1389A55A5024} = {9D742784-B652-4312-8BEA-2F4FF6F42112}
		{BF1FB67A-FAB8-409A-9579-E9B7A4D31FB7} = {8AED764B-D07C-4E84-913A-8C4E4F06A5B0}
		{8FA4416E-873A-4B0C-AD78-A6FE2BAD9E80} = {8AED764B-D07C-4E84-913A-8C4E4F06A5B0}
		{2ACCADF6-1DA3-4F58-9B73-A47FF250BCAC} = {3A02C657-4CE2-4870-8F47-0D9D5E39E28F}
		{41942CFA-4534-44B2-8AA6-C062C2AF73D3} = {3A02C657-4CE2-4870-8F47-0D9D5E39E28F}
	EndGlobalSection
EndGlobal
